{
    "name": "gbvision",
    "version": "3.0",
    "lockfileVersion": 1,
    "dependencies": {
        "accepts": {
            "version": "https://registry.npmjs.org/accepts/-/accepts-1.1.4.tgz",
            "integrity": "sha1-1xyW99QdD+2iw4zRToonwEFY30o="
        },
        "after": {
            "version": "https://registry.npmjs.org/after/-/after-0.8.1.tgz",
            "integrity": "sha1-q11PuIP1loFtNRX495HAr0ht1ic="
        },
        "archiver": {
            "version": "2.1.0",
            "resolved": "https://registry.npmjs.org/archiver/-/archiver-2.1.0.tgz",
            "integrity": "sha1-0t8ujVdzqCwdzOklzMQUUOqZmv0=",
            "dependencies": {
                "async": {
                    "version": "2.5.0",
                    "resolved": "https://registry.npmjs.org/async/-/async-2.5.0.tgz",
                    "integrity": "sha512-e+lJAJeNWuPCNyxZKOBdaJGyLGHugXVQtrAwtuAe2vhxTYxFTKE73p8JuTmdH0qdQZtDvI4dhJwjZc5zsfIsYw=="
                }
            }
        },
        "archiver-utils": {
            "version": "1.3.0",
            "resolved": "https://registry.npmjs.org/archiver-utils/-/archiver-utils-1.3.0.tgz",
            "integrity": "sha1-5QtMCccL89aA4y/xt5lOn52JUXQ="
        },
        "arraybuffer.slice": {
            "version": "https://registry.npmjs.org/arraybuffer.slice/-/arraybuffer.slice-0.0.6.tgz",
            "integrity": "sha1-8zshWfBTKj8xB6JywMz70a0peco="
        },
        "async": {
            "version": "1.0.0",
            "resolved": "https://registry.npmjs.org/async/-/async-1.0.0.tgz",
            "integrity": "sha1-+PwEyjoTeErenhZBr5hXjPvWR6k="
        },
        "backo2": {
            "version": "https://registry.npmjs.org/backo2/-/backo2-1.0.2.tgz",
            "integrity": "sha1-MasayLEpNjRj41s+u2n038+6eUc="
        },
        "balanced-match": {
            "version": "1.0.0",
            "resolved": "https://registry.npmjs.org/balanced-match/-/balanced-match-1.0.0.tgz",
            "integrity": "sha1-ibTRmasr7kneFk6gK4nORi1xt2c="
        },
        "base64-arraybuffer": {
            "version": "https://registry.npmjs.org/base64-arraybuffer/-/base64-arraybuffer-0.1.2.tgz",
            "integrity": "sha1-R030qfLaJOBd8xWMOx2zw81GoVQ="
        },
        "base64id": {
            "version": "https://registry.npmjs.org/base64id/-/base64id-0.1.0.tgz",
            "integrity": "sha1-As4P3u4M709ACA4ec+g08LG/zj8="
        },
        "benchmark": {
            "version": "https://registry.npmjs.org/benchmark/-/benchmark-1.0.0.tgz",
            "integrity": "sha1-Lx4vpMNZ8REiqhgwgiGOlX45DHM="
        },
        "better-assert": {
            "version": "https://registry.npmjs.org/better-assert/-/better-assert-1.0.2.tgz",
            "integrity": "sha1-QIZrnhueC1W0gYlDEeaPr/rrxSI="
        },
        "bl": {
            "version": "1.2.1",
            "resolved": "https://registry.npmjs.org/bl/-/bl-1.2.1.tgz",
            "integrity": "sha1-ysMo977kVzDUBLaSID/LWQ4XLV4="
        },
        "blob": {
            "version": "https://registry.npmjs.org/blob/-/blob-0.0.4.tgz",
            "integrity": "sha1-vPEwUspURj8w+fx+lbmkdjCpSSE="
        },
        "blueimp-md5": {
            "version": "2.10.0",
            "resolved": "https://registry.npmjs.org/blueimp-md5/-/blueimp-md5-2.10.0.tgz",
            "integrity": "sha512-EkNUOi7tpV68TqjpiUz9D9NcT8um2+qtgntmMbi5UKssVX2m/2PLqotcric0RE63pB3HPN/fjf3cKHN2ufGSUQ=="
        },
        "brace-expansion": {
            "version": "1.1.8",
            "resolved": "https://registry.npmjs.org/brace-expansion/-/brace-expansion-1.1.8.tgz",
            "integrity": "sha1-wHshHHyVLsH479Uad+8NHTmQopI="
        },
        "buffer-crc32": {
            "version": "0.2.13",
            "resolved": "https://registry.npmjs.org/buffer-crc32/-/buffer-crc32-0.2.13.tgz",
            "integrity": "sha1-DTM+PwDqxQqhRUq9MO+MKl2ackI="
        },
        "callsite": {
            "version": "https://registry.npmjs.org/callsite/-/callsite-1.0.0.tgz",
            "integrity": "sha1-KAOY5dZkvXQDi28JBRU+borxvCA="
        },
        "coffee-script": {
            "version": "https://registry.npmjs.org/coffee-script/-/coffee-script-1.10.0.tgz",
            "integrity": "sha1-EpOLz5vhlI+gBvkuDEyegXBRCMA="
        },
        "colors": {
            "version": "https://registry.npmjs.org/colors/-/colors-1.1.2.tgz",
            "integrity": "sha1-FopHAXVran9RoSzgyXv6KMCE7WM="
        },
        "component-bind": {
            "version": "https://registry.npmjs.org/component-bind/-/component-bind-1.0.0.tgz",
            "integrity": "sha1-AMYIq33Nk4l8AAllGx06jh5zu9E="
        },
        "component-emitter": {
            "version": "https://registry.npmjs.org/component-emitter/-/component-emitter-1.1.2.tgz",
            "integrity": "sha1-KWWU8nU9qmOZbSrwjRWpURbJrsM="
        },
        "component-inherit": {
            "version": "https://registry.npmjs.org/component-inherit/-/component-inherit-0.0.3.tgz",
            "integrity": "sha1-ZF/ErfWLcrZJ1crmUTVhnbJv8UM="
        },
        "compress-commons": {
            "version": "1.2.2",
            "resolved": "https://registry.npmjs.org/compress-commons/-/compress-commons-1.2.2.tgz",
            "integrity": "sha1-UkqfEJA/OoEzibAiXSfEi7dRiQ8="
        },
        "concat-map": {
            "version": "0.0.1",
            "resolved": "https://registry.npmjs.org/concat-map/-/concat-map-0.0.1.tgz",
            "integrity": "sha1-2Klr13/Wjfd5OnMDajug1UBdR3s="
        },
        "core-util-is": {
            "version": "1.0.2",
            "resolved": "https://registry.npmjs.org/core-util-is/-/core-util-is-1.0.2.tgz",
            "integrity": "sha1-tf1UIgqivFq1eqtxQMlAdUUDwac="
        },
        "crc": {
            "version": "3.5.0",
            "resolved": "https://registry.npmjs.org/crc/-/crc-3.5.0.tgz",
            "integrity": "sha1-mLi6fUiWZbo5efWbITgTdBAaGWQ="
        },
        "crc32-stream": {
            "version": "2.0.0",
            "resolved": "https://registry.npmjs.org/crc32-stream/-/crc32-stream-2.0.0.tgz",
            "integrity": "sha1-483TtN8xaN10494/u8t7KX/pCPQ="
        },
        "cycle": {
            "version": "1.0.3",
            "resolved": "https://registry.npmjs.org/cycle/-/cycle-1.0.3.tgz",
            "integrity": "sha1-IegLK+hYD5i0aPN5QwZisEbDStI="
        },
        "debug": {
            "version": "3.1.0",
            "resolved": "https://registry.npmjs.org/debug/-/debug-3.1.0.tgz",
            "integrity": "sha512-OX8XqP7/1a9cqkxYw2yXss15f26NKWBpDXQd0/uK/KPqdQhxbPa994hnzjcE2VqQpDslf55723cKPUOGSmMY3g==",
            "dependencies": {
                "ms": {
                    "version": "2.0.0",
                    "resolved": "https://registry.npmjs.org/ms/-/ms-2.0.0.tgz",
                    "integrity": "sha1-VgiurfwAvmwpAd9fmGF4jeDVl8g="
                }
            }
        },
        "end-of-stream": {
            "version": "1.4.0",
            "resolved": "https://registry.npmjs.org/end-of-stream/-/end-of-stream-1.4.0.tgz",
            "integrity": "sha1-epDYM+/abPpurA9JSduw+tOmMgY="
        },
        "engine.io": {
            "version": "https://registry.npmjs.org/engine.io/-/engine.io-1.6.9.tgz",
            "integrity": "sha1-H+L+gnrbXW8pbhACQD7foEa7aXU="
        },
        "engine.io-client": {
            "version": "https://registry.npmjs.org/engine.io-client/-/engine.io-client-1.6.9.tgz",
            "integrity": "sha1-HWrUgEilCDyVCWlDsp0279shJAE="
        },
        "engine.io-parser": {
            "version": "https://registry.npmjs.org/engine.io-parser/-/engine.io-parser-1.2.4.tgz",
            "integrity": "sha1-4Il7C/FOeS1M0qWVBVORnFaUjEI=",
            "dependencies": {
                "has-binary": {
                    "version": "https://registry.npmjs.org/has-binary/-/has-binary-0.1.6.tgz",
                    "integrity": "sha1-JTJvOc+k9hath4eJTjryz7x7bhA="
                }
            }
        },
        "esp": {
            "version": "https://registry.npmjs.org/esp/-/esp-0.1.16.tgz",
            "integrity": "sha1-SXaLhx5MR69UVeFQqU9T7cGLzCo="
        },
        "eyes": {
            "version": "0.1.8",
            "resolved": "https://registry.npmjs.org/eyes/-/eyes-0.1.8.tgz",
            "integrity": "sha1-Ys8SAjTGg3hdkCNIqADvPgzCC8A="
        },
        "filesize": {
            "version": "3.5.11",
            "resolved": "https://registry.npmjs.org/filesize/-/filesize-3.5.11.tgz",
            "integrity": "sha512-ZH7loueKBoDb7yG9esn1U+fgq7BzlzW6NRi5/rMdxIZ05dj7GFD/Xc5rq2CDt5Yq86CyfSYVyx4242QQNZbx1g=="
        },
        "fluent-ffmpeg": {
            "version": "2.1.2",
            "resolved": "https://registry.npmjs.org/fluent-ffmpeg/-/fluent-ffmpeg-2.1.2.tgz",
            "integrity": "sha1-yVLeIkD4EuvaCqgAbXd27irPfXQ="
        },
        "formidable": {
            "version": "1.1.1",
            "resolved": "https://registry.npmjs.org/formidable/-/formidable-1.1.1.tgz",
            "integrity": "sha1-lriIb3w8NQi5Mta9cMTTqI818ak="
        },
        "fs.realpath": {
            "version": "1.0.0",
            "resolved": "https://registry.npmjs.org/fs.realpath/-/fs.realpath-1.0.0.tgz",
            "integrity": "sha1-FQStJSMVjKpA20onh8sBQRmU6k8="
        },
        "glob": {
            "version": "7.1.2",
            "resolved": "https://registry.npmjs.org/glob/-/glob-7.1.2.tgz",
            "integrity": "sha512-MJTUg1kjuLeQCJ+ccE4Vpa6kKVXkPYJ2mOCQyUuKLcLQsdrMCpBPUi8qVE6+YuaJkozeA9NusTAw3hLr8Xe5EQ=="
        },
        "graceful-fs": {
            "version": "4.1.11",
            "resolved": "https://registry.npmjs.org/graceful-fs/-/graceful-fs-4.1.11.tgz",
            "integrity": "sha1-Dovf5NHduIVNZOBOp8AOKgJuVlg="
        },
        "guid": {
            "version": "https://registry.npmjs.org/guid/-/guid-0.0.10.tgz",
            "integrity": "sha1-HMKv4m2TMRTc0lV0AxiuV3KE7Cs="
        },
        "has-binary": {
            "version": "https://registry.npmjs.org/has-binary/-/has-binary-0.1.7.tgz",
            "integrity": "sha1-aOYesWIQyVRaClzOBqhzkS/h5ow="
        },
        "has-cors": {
            "version": "https://registry.npmjs.org/has-cors/-/has-cors-1.1.0.tgz",
            "integrity": "sha1-XkdHk/fqmEPRu5nCPu9J/xJv/zk="
        },
        "indexof": {
            "version": "https://registry.npmjs.org/indexof/-/indexof-0.0.1.tgz",
            "integrity": "sha1-gtwzbSMrkGIXnQWrMpOmYFn9Q10="
        },
        "inflight": {
            "version": "1.0.6",
            "resolved": "https://registry.npmjs.org/inflight/-/inflight-1.0.6.tgz",
            "integrity": "sha1-Sb1jMdfQLQwJvJEKEHW6gWW1bfk="
        },
        "inherits": {
            "version": "2.0.3",
            "resolved": "https://registry.npmjs.org/inherits/-/inherits-2.0.3.tgz",
            "integrity": "sha1-Yzwsg+PaQqUC9SRmAiSA9CCCYd4="
        },
        "isarray": {
            "version": "https://registry.npmjs.org/isarray/-/isarray-0.0.1.tgz",
            "integrity": "sha1-ihis/Kmo9Bd+Cav8YDiTmwXR7t8="
        },
        "isexe": {
            "version": "2.0.0",
            "resolved": "https://registry.npmjs.org/isexe/-/isexe-2.0.0.tgz",
            "integrity": "sha1-6PvzdNxVb/iUehDcsFctYz8s+hA="
        },
        "isstream": {
            "version": "0.1.2",
            "resolved": "https://registry.npmjs.org/isstream/-/isstream-0.1.2.tgz",
            "integrity": "sha1-R+Y/evVa+m+S4VAOaQ64uFKcCZo="
        },
        "json3": {
            "version": "https://registry.npmjs.org/json3/-/json3-3.2.6.tgz",
            "integrity": "sha1-9u/JPAagTemuxTBT3yVZuxniA4s="
        },
        "lazystream": {
            "version": "1.0.0",
            "resolved": "https://registry.npmjs.org/lazystream/-/lazystream-1.0.0.tgz",
            "integrity": "sha1-9plf4PggOS9hOWvolGJAe7dxaOQ="
        },
        "lodash": {
            "version": "4.17.4",
            "resolved": "https://registry.npmjs.org/lodash/-/lodash-4.17.4.tgz",
            "integrity": "sha1-eCA6TRwyiuHYbcpkYONptX9AVa4="
        },
        "mime": {
            "version": "https://registry.npmjs.org/mime/-/mime-1.2.9.tgz",
            "integrity": "sha1-AJzUCGe9Nd5SGzuWbwTi+NTRPQk="
        },
        "mime-db": {
            "version": "https://registry.npmjs.org/mime-db/-/mime-db-1.12.0.tgz",
            "integrity": "sha1-PQxjGA9FjrENMlqqN9fFiuMS6dc="
        },
        "mime-types": {
            "version": "https://registry.npmjs.org/mime-types/-/mime-types-2.0.14.tgz",
            "integrity": "sha1-MQ4VnbI+B3+Lsit0jav6SVcUCqY="
        },
        "minimatch": {
            "version": "3.0.4",
            "resolved": "https://registry.npmjs.org/minimatch/-/minimatch-3.0.4.tgz",
            "integrity": "sha512-yJHVQEhyqPLUTgt9B83PXu6W3rx4MvvHvSUvToogpwoGDOUQ+yDrR0HRot+yOCdCO7u4hX3pWft6kWBBcqh0UA=="
        },
        "minimist": {
            "version": "https://registry.npmjs.org/minimist/-/minimist-0.0.10.tgz",
            "integrity": "sha1-3j+YVD2/lggr5IrRoMfNqDYwHc8="
        },
        "mkdirp": {
            "version": "0.5.1",
            "resolved": "https://registry.npmjs.org/mkdirp/-/mkdirp-0.5.1.tgz",
            "integrity": "sha1-MAV0OOrGz3+MR2fzhkjWaX11yQM=",
            "dependencies": {
                "minimist": {
                    "version": "0.0.8",
                    "resolved": "https://registry.npmjs.org/minimist/-/minimist-0.0.8.tgz",
                    "integrity": "sha1-hX/Kv8M5fSYluCKCYuhqp6ARsF0="
                }
            }
        },
        "moment": {
            "version": "https://registry.npmjs.org/moment/-/moment-2.0.0.tgz",
            "integrity": "sha1-K7xbRMMhg3aTq278rb1G7ZRiEf4="
        },
        "ms": {
            "version": "https://registry.npmjs.org/ms/-/ms-0.7.1.tgz",
            "integrity": "sha1-nNE8A62/8ltl7/3nzoZO6VIBcJg="
        },
        "nan": {
            "version": "2.7.0",
            "resolved": "https://registry.npmjs.org/nan/-/nan-2.7.0.tgz",
            "integrity": "sha1-2Vv3IeyHfgjbJ27T/G63j5CDrUY="
        },
        "negotiator": {
            "version": "https://registry.npmjs.org/negotiator/-/negotiator-0.4.9.tgz",
            "integrity": "sha1-kuRrbbU8fkIe1koryU8IvnYw3z8="
        },
        "node-static": {
            "version": "https://registry.npmjs.org/node-static/-/node-static-0.7.0.tgz",
            "integrity": "sha1-3wgweFstbgCONkjmInUPkjT2qyM="
        },
        "node-uuid": {
            "version": "1.4.8",
            "resolved": "https://registry.npmjs.org/node-uuid/-/node-uuid-1.4.8.tgz",
            "integrity": "sha1-sEDrCSOWivq/jTL7HxfxFn/auQc="
        },
        "normalize-path": {
            "version": "2.1.1",
            "resolved": "https://registry.npmjs.org/normalize-path/-/normalize-path-2.1.1.tgz",
            "integrity": "sha1-GrKLVW4Zg2Oowab35vogE3/mrtk="
        },
        "object-component": {
            "version": "https://registry.npmjs.org/object-component/-/object-component-0.0.3.tgz",
            "integrity": "sha1-8MaapQ78lbhmwYb0AKM3acsvEpE="
        },
        "once": {
            "version": "1.4.0",
            "resolved": "https://registry.npmjs.org/once/-/once-1.4.0.tgz",
            "integrity": "sha1-WDsap3WWHUsROsF9nFC6753Xa9E="
        },
        "optimist": {
            "version": "https://registry.npmjs.org/optimist/-/optimist-0.6.1.tgz",
            "integrity": "sha1-2j6nRob6IaGaERwybpDrFaAZZoY="
        },
        "options": {
            "version": "https://registry.npmjs.org/options/-/options-0.0.6.tgz",
            "integrity": "sha1-7CLTEoBrtT5zF3Pnza788cZDEo8="
        },
        "parsejson": {
            "version": "https://registry.npmjs.org/parsejson/-/parsejson-0.0.1.tgz",
            "integrity": "sha1-mxDGwNglq1ieaFFTgm3go7oni8w="
        },
        "parseqs": {
            "version": "https://registry.npmjs.org/parseqs/-/parseqs-0.0.2.tgz",
            "integrity": "sha1-nf5wss3aw4i95PNbHyQPpYrb5sc="
        },
        "parseuri": {
            "version": "https://registry.npmjs.org/parseuri/-/parseuri-0.0.4.tgz",
            "integrity": "sha1-gGWCo5iH4eoY3V4v4OAZAiaOk1A="
        },
        "path-is-absolute": {
            "version": "1.0.1",
            "resolved": "https://registry.npmjs.org/path-is-absolute/-/path-is-absolute-1.0.1.tgz",
            "integrity": "sha1-F0uSaHNVNP+8es5r9TpanhtcX18="
        },
        "process-nextick-args": {
            "version": "1.0.7",
            "resolved": "https://registry.npmjs.org/process-nextick-args/-/process-nextick-args-1.0.7.tgz",
            "integrity": "sha1-FQ4gt1ZZCtP5EJPyWk8q2L/zC6M="
        },
        "readable-stream": {
            "version": "2.3.3",
            "resolved": "https://registry.npmjs.org/readable-stream/-/readable-stream-2.3.3.tgz",
            "integrity": "sha512-m+qzzcn7KUxEmd1gMbchF+Y2eIUbieUaxkWtptyHywrX0rE8QEYqPC07Vuy4Wm32/xE16NcdBctb8S0Xe/5IeQ==",
            "dependencies": {
                "isarray": {
                    "version": "1.0.0",
                    "resolved": "https://registry.npmjs.org/isarray/-/isarray-1.0.0.tgz",
                    "integrity": "sha1-u5NdSFgsuhaMBoNJV6VKPgcSTxE="
                }
            }
        },
        "remove-trailing-separator": {
            "version": "1.1.0",
            "resolved": "https://registry.npmjs.org/remove-trailing-separator/-/remove-trailing-separator-1.1.0.tgz",
            "integrity": "sha1-wkvOKig62tW8P1jg1IJJuSN52O8="
        },
        "safe-buffer": {
            "version": "5.1.1",
            "resolved": "https://registry.npmjs.org/safe-buffer/-/safe-buffer-5.1.1.tgz",
            "integrity": "sha512-kKvNJn6Mm93gAczWVJg7wH+wGYWNrDHdWvpUmHyEsgCtIwwo3bqPtV4tR5tuPaUhTOo/kvhVwd8XwwOllGYkbg=="
        },
        "socket.io": {
            "version": "https://registry.npmjs.org/socket.io/-/socket.io-1.4.6.tgz",
            "integrity": "sha1-Dd3Cy4+5tm/JKGBPE/aqkQJUzBw="
        },
        "socket.io-adapter": {
            "version": "https://registry.npmjs.org/socket.io-adapter/-/socket.io-adapter-0.4.0.tgz",
            "integrity": "sha1-+5+CqxqmUpC/csNleVW5MKmRok8=",
            "dependencies": {
                "socket.io-parser": {
                    "version": "https://registry.npmjs.org/socket.io-parser/-/socket.io-parser-2.2.2.tgz",
                    "integrity": "sha1-PXr2tkSX6Va32f53X5mXFgJ/lBc=",
                    "dependencies": {
                        "debug": {
                            "version": "https://registry.npmjs.org/debug/-/debug-0.7.4.tgz",
                            "integrity": "sha1-BuHqgILCyxTjmAbiLi9vdX+Srzk="
                        }
                    }
                }
            }
        },
        "socket.io-client": {
            "version": "https://registry.npmjs.org/socket.io-client/-/socket.io-client-1.4.6.tgz",
            "integrity": "sha1-SbC6U379FbgpfIQBbmQuHHx1LD0=",
            "dependencies": {
                "component-emitter": {
                    "version": "https://registry.npmjs.org/component-emitter/-/component-emitter-1.2.0.tgz",
                    "integrity": "sha1-zNETqGOI0GSC0D3j/H35hSa6jv4="
                }
            }
        },
        "socket.io-parser": {
            "version": "https://registry.npmjs.org/socket.io-parser/-/socket.io-parser-2.2.6.tgz",
            "integrity": "sha1-ON/WHfUNz4qx2eIJEyK/kCuii5k=",
            "dependencies": {
                "json3": {
                    "version": "https://registry.npmjs.org/json3/-/json3-3.3.2.tgz",
                    "integrity": "sha1-PAQ0dD35Pi9cQq7nsZvLSDV19OE="
                }
            }
        },
        "sqlite3": {
            "version": "3.1.13",
            "resolved": "https://registry.npmjs.org/sqlite3/-/sqlite3-3.1.13.tgz",
            "integrity": "sha512-JxXKPJnkZ6NuHRojq+g2WXWBt3M1G9sjZaYiHEWSTGijDM3cwju/0T2XbWqMXFmPqDgw+iB7zKQvnns4bvzXlw==",
            "dependencies": {
                "abbrev": {
                    "version": "1.1.1",
                    "bundled": true
                },
                "ajv": {
                    "version": "4.11.8",
                    "bundled": true
                },
                "ansi-regex": {
                    "version": "2.1.1",
                    "bundled": true
                },
                "aproba": {
                    "version": "1.2.0",
                    "bundled": true
                },
                "are-we-there-yet": {
                    "version": "1.1.4",
                    "bundled": true
                },
                "asn1": {
                    "version": "0.2.3",
                    "bundled": true
                },
                "assert-plus": {
                    "version": "0.2.0",
                    "bundled": true
                },
                "asynckit": {
                    "version": "0.4.0",
                    "bundled": true
                },
                "aws-sign2": {
                    "version": "0.6.0",
                    "bundled": true
                },
                "aws4": {
                    "version": "1.6.0",
                    "bundled": true
                },
                "balanced-match": {
                    "version": "1.0.0",
                    "bundled": true
                },
                "bcrypt-pbkdf": {
                    "version": "1.0.1",
                    "bundled": true,
                    "optional": true
                },
                "block-stream": {
                    "version": "0.0.9",
                    "bundled": true
                },
                "boom": {
                    "version": "2.10.1",
                    "bundled": true
                },
                "brace-expansion": {
                    "version": "1.1.8",
                    "bundled": true
                },
                "caseless": {
                    "version": "0.12.0",
                    "bundled": true
                },
                "co": {
                    "version": "4.6.0",
                    "bundled": true
                },
                "code-point-at": {
                    "version": "1.1.0",
                    "bundled": true
                },
                "combined-stream": {
                    "version": "1.0.5",
                    "bundled": true
                },
                "concat-map": {
                    "version": "0.0.1",
                    "bundled": true
                },
                "console-control-strings": {
                    "version": "1.1.0",
                    "bundled": true
                },
                "core-util-is": {
                    "version": "1.0.2",
                    "bundled": true
                },
                "cryptiles": {
                    "version": "2.0.5",
                    "bundled": true
                },
                "dashdash": {
                    "version": "1.14.1",
                    "bundled": true,
                    "dependencies": {
                        "assert-plus": {
                            "version": "1.0.0",
                            "bundled": true
                        }
                    }
                },
                "debug": {
                    "version": "2.6.9",
                    "bundled": true
                },
                "deep-extend": {
                    "version": "0.4.2",
                    "bundled": true
                },
                "delayed-stream": {
                    "version": "1.0.0",
                    "bundled": true
                },
                "delegates": {
                    "version": "1.0.0",
                    "bundled": true
                },
                "ecc-jsbn": {
                    "version": "0.1.1",
                    "bundled": true,
                    "optional": true
                },
                "extend": {
                    "version": "3.0.1",
                    "bundled": true
                },
                "extsprintf": {
                    "version": "1.3.0",
                    "bundled": true
                },
                "forever-agent": {
                    "version": "0.6.1",
                    "bundled": true
                },
                "form-data": {
                    "version": "2.1.4",
                    "bundled": true
                },
                "fs.realpath": {
                    "version": "1.0.0",
                    "bundled": true
                },
                "fstream": {
                    "version": "1.0.11",
                    "bundled": true
                },
                "fstream-ignore": {
                    "version": "1.0.5",
                    "bundled": true
                },
                "gauge": {
                    "version": "2.7.4",
                    "bundled": true
                },
                "getpass": {
                    "version": "0.1.7",
                    "bundled": true,
                    "dependencies": {
                        "assert-plus": {
                            "version": "1.0.0",
                            "bundled": true
                        }
                    }
                },
                "glob": {
                    "version": "7.1.2",
                    "bundled": true
                },
                "graceful-fs": {
                    "version": "4.1.11",
                    "bundled": true
                },
                "har-schema": {
                    "version": "1.0.5",
                    "bundled": true
                },
                "har-validator": {
                    "version": "4.2.1",
                    "bundled": true
                },
                "has-unicode": {
                    "version": "2.0.1",
                    "bundled": true
                },
                "hawk": {
                    "version": "3.1.3",
                    "bundled": true
                },
                "hoek": {
                    "version": "2.16.3",
                    "bundled": true
                },
                "http-signature": {
                    "version": "1.1.1",
                    "bundled": true
                },
                "inflight": {
                    "version": "1.0.6",
                    "bundled": true
                },
                "inherits": {
                    "version": "2.0.3",
                    "bundled": true
                },
                "ini": {
                    "version": "1.3.4",
                    "bundled": true
                },
                "is-fullwidth-code-point": {
                    "version": "1.0.0",
                    "bundled": true
                },
                "is-typedarray": {
                    "version": "1.0.0",
                    "bundled": true
                },
                "isarray": {
                    "version": "1.0.0",
                    "bundled": true
                },
                "isstream": {
                    "version": "0.1.2",
                    "bundled": true
                },
                "jsbn": {
                    "version": "0.1.1",
                    "bundled": true,
                    "optional": true
                },
                "json-schema": {
                    "version": "0.2.3",
                    "bundled": true
                },
                "json-stable-stringify": {
                    "version": "1.0.1",
                    "bundled": true
                },
                "json-stringify-safe": {
                    "version": "5.0.1",
                    "bundled": true
                },
                "jsonify": {
                    "version": "0.0.0",
                    "bundled": true
                },
                "jsprim": {
                    "version": "1.4.1",
                    "bundled": true,
                    "dependencies": {
                        "assert-plus": {
                            "version": "1.0.0",
                            "bundled": true
                        }
                    }
                },
                "mime-db": {
                    "version": "1.30.0",
                    "bundled": true
                },
                "mime-types": {
                    "version": "2.1.17",
                    "bundled": true
                },
                "minimatch": {
                    "version": "3.0.4",
                    "bundled": true
                },
                "minimist": {
                    "version": "0.0.8",
                    "bundled": true
                },
                "mkdirp": {
                    "version": "0.5.1",
                    "bundled": true
                },
                "ms": {
                    "version": "2.0.0",
                    "bundled": true
                },
                "node-pre-gyp": {
                    "version": "0.6.38",
                    "bundled": true
                },
                "nopt": {
                    "version": "4.0.1",
                    "bundled": true
                },
                "npmlog": {
                    "version": "4.1.2",
                    "bundled": true
                },
                "number-is-nan": {
                    "version": "1.0.1",
                    "bundled": true
                },
                "oauth-sign": {
                    "version": "0.8.2",
                    "bundled": true
                },
                "object-assign": {
                    "version": "4.1.1",
                    "bundled": true
                },
                "once": {
                    "version": "1.4.0",
                    "bundled": true
                },
                "os-homedir": {
                    "version": "1.0.2",
                    "bundled": true
                },
                "os-tmpdir": {
                    "version": "1.0.2",
                    "bundled": true
                },
                "osenv": {
                    "version": "0.1.4",
                    "bundled": true
                },
                "path-is-absolute": {
                    "version": "1.0.1",
                    "bundled": true
                },
                "performance-now": {
                    "version": "0.2.0",
                    "bundled": true
                },
                "process-nextick-args": {
                    "version": "1.0.7",
                    "bundled": true
                },
                "punycode": {
                    "version": "1.4.1",
                    "bundled": true
                },
                "qs": {
                    "version": "6.4.0",
                    "bundled": true
                },
                "rc": {
                    "version": "1.2.1",
                    "bundled": true,
                    "dependencies": {
                        "minimist": {
                            "version": "1.2.0",
                            "bundled": true
                        }
                    }
                },
                "readable-stream": {
                    "version": "2.3.3",
                    "bundled": true
                },
                "request": {
                    "version": "2.81.0",
                    "bundled": true
                },
                "rimraf": {
                    "version": "2.6.2",
                    "bundled": true
                },
                "safe-buffer": {
                    "version": "5.1.1",
                    "bundled": true
                },
                "semver": {
                    "version": "5.4.1",
                    "bundled": true
                },
                "set-blocking": {
                    "version": "2.0.0",
                    "bundled": true
                },
                "signal-exit": {
                    "version": "3.0.2",
                    "bundled": true
                },
                "sntp": {
                    "version": "1.0.9",
                    "bundled": true
                },
                "sshpk": {
                    "version": "1.13.1",
                    "bundled": true,
                    "dependencies": {
                        "assert-plus": {
                            "version": "1.0.0",
                            "bundled": true
                        }
                    }
                },
                "string_decoder": {
                    "version": "1.0.3",
                    "bundled": true
                },
                "string-width": {
                    "version": "1.0.2",
                    "bundled": true
                },
                "stringstream": {
                    "version": "0.0.5",
                    "bundled": true
                },
                "strip-ansi": {
                    "version": "3.0.1",
                    "bundled": true
                },
                "strip-json-comments": {
                    "version": "2.0.1",
                    "bundled": true
                },
                "tar": {
                    "version": "2.2.1",
                    "bundled": true
                },
                "tar-pack": {
                    "version": "3.4.0",
                    "bundled": true
                },
                "tough-cookie": {
                    "version": "2.3.3",
                    "bundled": true
                },
                "tunnel-agent": {
                    "version": "0.6.0",
                    "bundled": true
                },
                "tweetnacl": {
                    "version": "0.14.5",
                    "bundled": true,
                    "optional": true
                },
                "uid-number": {
                    "version": "0.0.6",
                    "bundled": true
                },
                "util-deprecate": {
                    "version": "1.0.2",
                    "bundled": true
                },
                "uuid": {
                    "version": "3.1.0",
                    "bundled": true
                },
                "verror": {
                    "version": "1.10.0",
                    "bundled": true,
                    "dependencies": {
                        "assert-plus": {
                            "version": "1.0.0",
                            "bundled": true
                        }
                    }
                },
                "wide-align": {
                    "version": "1.1.2",
                    "bundled": true
                },
                "wrappy": {
                    "version": "1.0.2",
                    "bundled": true
                }
            }
        },
        "stack-trace": {
            "version": "0.0.10",
            "resolved": "https://registry.npmjs.org/stack-trace/-/stack-trace-0.0.10.tgz",
            "integrity": "sha1-VHxws0fo0ytOEI6hoqFZ5f3eGcA="
        },
        "string_decoder": {
            "version": "1.0.3",
            "resolved": "https://registry.npmjs.org/string_decoder/-/string_decoder-1.0.3.tgz",
            "integrity": "sha512-4AH6Z5fzNNBcH+6XDMfA/BTt87skxqJlO0lAh3Dker5zThcAxG6mKz+iGu308UKoPPQ8Dcqx/4JhujzltRa+hQ=="
        },
        "tar-stream": {
            "version": "1.5.4",
            "resolved": "https://registry.npmjs.org/tar-stream/-/tar-stream-1.5.4.tgz",
            "integrity": "sha1-NlSc8E7RrumyowwBQyUiONr5QBY="
        },
        "to-array": {
            "version": "https://registry.npmjs.org/to-array/-/to-array-0.1.4.tgz",
            "integrity": "sha1-F+bBH3PdTz10zaek/zI46a2b+JA="
        },
        "ultron": {
            "version": "https://registry.npmjs.org/ultron/-/ultron-1.0.2.tgz",
            "integrity": "sha1-rOEWq1V80Zc4ak6I9GhTeMiy5Po="
        },
        "underscore": {
            "version": "1.8.3",
            "resolved": "https://registry.npmjs.org/underscore/-/underscore-1.8.3.tgz",
            "integrity": "sha1-Tz+1OxBuYJf8+ctBCfKl6b36UCI="
        },
        "utf8": {
            "version": "https://registry.npmjs.org/utf8/-/utf8-2.1.0.tgz",
            "integrity": "sha1-DP7FyAUtRKI+OqqQgQToB1+V39U="
        },
        "util-deprecate": {
            "version": "1.0.2",
            "resolved": "https://registry.npmjs.org/util-deprecate/-/util-deprecate-1.0.2.tgz",
            "integrity": "sha1-RQ1Nyfpw3nMnYvvS1KKJgUGaDM8="
        },
        "which": {
            "version": "1.3.0",
            "resolved": "https://registry.npmjs.org/which/-/which-1.3.0.tgz",
            "integrity": "sha512-xcJpopdamTuY5duC/KnTTNBraPK54YwpenP4lzxU8H91GudWpFv38u0CKjclE1Wi2EH2EDz5LRcHcKbCIzqGyg=="
        },
        "winston": {
            "version": "2.4.0",
            "resolved": "https://registry.npmjs.org/winston/-/winston-2.4.0.tgz",
            "integrity": "sha1-gIBQuT1SZh7Z+2wms/DIJnCLCu4=",
            "dependencies": {
                "colors": {
                    "version": "1.0.3",
                    "resolved": "https://registry.npmjs.org/colors/-/colors-1.0.3.tgz",
                    "integrity": "sha1-BDP0TYCWgP3rYO0mDxsMJi6CpAs="
                }
            }
        },
        "wordwrap": {
            "version": "https://registry.npmjs.org/wordwrap/-/wordwrap-0.0.3.tgz",
            "integrity": "sha1-o9XabNXAvAAI03I0u68b7WMFkQc="
        },
        "wrappy": {
            "version": "1.0.2",
            "resolved": "https://registry.npmjs.org/wrappy/-/wrappy-1.0.2.tgz",
            "integrity": "sha1-tSQ9jz7BqjXxNkYFvA0QNuMKtp8="
        },
        "ws": {
            "version": "https://registry.npmjs.org/ws/-/ws-1.0.1.tgz",
            "integrity": "sha1-fQsqLljN3YGQOcKcneZQReGzEOk="
        },
        "xmlhttprequest-ssl": {
            "version": "https://registry.npmjs.org/xmlhttprequest-ssl/-/xmlhttprequest-ssl-1.5.1.tgz",
            "integrity": "sha1-O3dB/qSoZnWXbpCNKW1ERZYfqmc="
        },
        "xtend": {
            "version": "4.0.1",
            "resolved": "https://registry.npmjs.org/xtend/-/xtend-4.0.1.tgz",
            "integrity": "sha1-pcbVMr5lbiPbgg77lDofBJmNY68="
        },
        "yeast": {
            "version": "https://registry.npmjs.org/yeast/-/yeast-0.1.2.tgz",
            "integrity": "sha1-AI4G2AlDIMNy28L47XagymyKxBk="
        },
        "zip-stream": {
            "version": "1.2.0",
            "resolved": "https://registry.npmjs.org/zip-stream/-/zip-stream-1.2.0.tgz",
            "integrity": "sha1-qLxF9MG0lpnGuQGYuqyqzbzUugQ="
        }
    }
}
