{
    "name": "gbvision",
    "version": "3.0",
    "lockfileVersion": 1,
    "dependencies": {
        "archiver": {
            "version": "2.1.0",
            "resolved": "https://registry.npmjs.org/archiver/-/archiver-2.1.0.tgz",
            "integrity": "sha1-0t8ujVdzqCwdzOklzMQUUOqZmv0=",
            "dependencies": {
                "async": {
                    "version": "2.5.0",
                    "resolved": "https://registry.npmjs.org/async/-/async-2.5.0.tgz",
                    "integrity": "sha512-e+lJAJeNWuPCNyxZKOBdaJGyLGHugXVQtrAwtuAe2vhxTYxFTKE73p8JuTmdH0qdQZtDvI4dhJwjZc5zsfIsYw=="
                }
            }
        },
        "archiver-utils": {
            "version": "1.3.0",
            "resolved": "https://registry.npmjs.org/archiver-utils/-/archiver-utils-1.3.0.tgz",
            "integrity": "sha1-5QtMCccL89aA4y/xt5lOn52JUXQ="
        },
        "async": {
            "version": "1.0.0",
            "resolved": "https://registry.npmjs.org/async/-/async-1.0.0.tgz",
            "integrity": "sha1-+PwEyjoTeErenhZBr5hXjPvWR6k="
        },
        "balanced-match": {
            "version": "1.0.0",
            "resolved": "https://registry.npmjs.org/balanced-match/-/balanced-match-1.0.0.tgz",
            "integrity": "sha1-ibTRmasr7kneFk6gK4nORi1xt2c="
        },
        "bl": {
            "version": "1.2.1",
            "resolved": "https://registry.npmjs.org/bl/-/bl-1.2.1.tgz",
            "integrity": "sha1-ysMo977kVzDUBLaSID/LWQ4XLV4="
        },
        "blueimp-md5": {
            "version": "2.10.0",
            "resolved": "https://registry.npmjs.org/blueimp-md5/-/blueimp-md5-2.10.0.tgz",
            "integrity": "sha512-EkNUOi7tpV68TqjpiUz9D9NcT8um2+qtgntmMbi5UKssVX2m/2PLqotcric0RE63pB3HPN/fjf3cKHN2ufGSUQ=="
        },
        "brace-expansion": {
            "version": "1.1.8",
            "resolved": "https://registry.npmjs.org/brace-expansion/-/brace-expansion-1.1.8.tgz",
            "integrity": "sha1-wHshHHyVLsH479Uad+8NHTmQopI="
        },
        "buffer-crc32": {
            "version": "0.2.13",
            "resolved": "https://registry.npmjs.org/buffer-crc32/-/buffer-crc32-0.2.13.tgz",
            "integrity": "sha1-DTM+PwDqxQqhRUq9MO+MKl2ackI="
        },
        "compress-commons": {
            "version": "1.2.2",
            "resolved": "https://registry.npmjs.org/compress-commons/-/compress-commons-1.2.2.tgz",
            "integrity": "sha1-UkqfEJA/OoEzibAiXSfEi7dRiQ8="
        },
        "concat-map": {
            "version": "0.0.1",
            "resolved": "https://registry.npmjs.org/concat-map/-/concat-map-0.0.1.tgz",
            "integrity": "sha1-2Klr13/Wjfd5OnMDajug1UBdR3s="
        },
        "core-util-is": {
            "version": "1.0.2",
            "resolved": "https://registry.npmjs.org/core-util-is/-/core-util-is-1.0.2.tgz",
            "integrity": "sha1-tf1UIgqivFq1eqtxQMlAdUUDwac="
        },
        "crc": {
            "version": "3.5.0",
            "resolved": "https://registry.npmjs.org/crc/-/crc-3.5.0.tgz",
            "integrity": "sha1-mLi6fUiWZbo5efWbITgTdBAaGWQ="
        },
        "crc32-stream": {
            "version": "2.0.0",
            "resolved": "https://registry.npmjs.org/crc32-stream/-/crc32-stream-2.0.0.tgz",
            "integrity": "sha1-483TtN8xaN10494/u8t7KX/pCPQ="
        },
        "cycle": {
            "version": "1.0.3",
            "resolved": "https://registry.npmjs.org/cycle/-/cycle-1.0.3.tgz",
            "integrity": "sha1-IegLK+hYD5i0aPN5QwZisEbDStI="
        },
        "debug": {
            "version": "3.1.0",
            "resolved": "https://registry.npmjs.org/debug/-/debug-3.1.0.tgz",
            "integrity": "sha512-OX8XqP7/1a9cqkxYw2yXss15f26NKWBpDXQd0/uK/KPqdQhxbPa994hnzjcE2VqQpDslf55723cKPUOGSmMY3g==",
            "dependencies": {
                "ms": {
                    "version": "2.0.0",
                    "resolved": "https://registry.npmjs.org/ms/-/ms-2.0.0.tgz",
                    "integrity": "sha1-VgiurfwAvmwpAd9fmGF4jeDVl8g="
                }
            }
        },
        "end-of-stream": {
            "version": "1.4.0",
            "resolved": "https://registry.npmjs.org/end-of-stream/-/end-of-stream-1.4.0.tgz",
            "integrity": "sha1-epDYM+/abPpurA9JSduw+tOmMgY="
        },
        "eyes": {
            "version": "0.1.8",
            "resolved": "https://registry.npmjs.org/eyes/-/eyes-0.1.8.tgz",
            "integrity": "sha1-Ys8SAjTGg3hdkCNIqADvPgzCC8A="
        },
        "filesize": {
            "version": "3.5.11",
            "resolved": "https://registry.npmjs.org/filesize/-/filesize-3.5.11.tgz",
            "integrity": "sha512-ZH7loueKBoDb7yG9esn1U+fgq7BzlzW6NRi5/rMdxIZ05dj7GFD/Xc5rq2CDt5Yq86CyfSYVyx4242QQNZbx1g=="
        },
        "fluent-ffmpeg": {
            "version": "2.1.2",
            "resolved": "https://registry.npmjs.org/fluent-ffmpeg/-/fluent-ffmpeg-2.1.2.tgz",
            "integrity": "sha1-yVLeIkD4EuvaCqgAbXd27irPfXQ="
        },
        "formidable": {
            "version": "1.1.1",
            "resolved": "https://registry.npmjs.org/formidable/-/formidable-1.1.1.tgz",
            "integrity": "sha1-lriIb3w8NQi5Mta9cMTTqI818ak="
        },
        "fs.realpath": {
            "version": "1.0.0",
            "resolved": "https://registry.npmjs.org/fs.realpath/-/fs.realpath-1.0.0.tgz",
            "integrity": "sha1-FQStJSMVjKpA20onh8sBQRmU6k8="
        },
        "glob": {
            "version": "7.1.2",
            "resolved": "https://registry.npmjs.org/glob/-/glob-7.1.2.tgz",
            "integrity": "sha512-MJTUg1kjuLeQCJ+ccE4Vpa6kKVXkPYJ2mOCQyUuKLcLQsdrMCpBPUi8qVE6+YuaJkozeA9NusTAw3hLr8Xe5EQ=="
        },
        "graceful-fs": {
            "version": "4.1.11",
            "resolved": "https://registry.npmjs.org/graceful-fs/-/graceful-fs-4.1.11.tgz",
            "integrity": "sha1-Dovf5NHduIVNZOBOp8AOKgJuVlg="
        },
        "inflight": {
            "version": "1.0.6",
            "resolved": "https://registry.npmjs.org/inflight/-/inflight-1.0.6.tgz",
            "integrity": "sha1-Sb1jMdfQLQwJvJEKEHW6gWW1bfk="
        },
        "inherits": {
            "version": "2.0.3",
            "resolved": "https://registry.npmjs.org/inherits/-/inherits-2.0.3.tgz",
            "integrity": "sha1-Yzwsg+PaQqUC9SRmAiSA9CCCYd4="
        },
        "isexe": {
            "version": "2.0.0",
            "resolved": "https://registry.npmjs.org/isexe/-/isexe-2.0.0.tgz",
            "integrity": "sha1-6PvzdNxVb/iUehDcsFctYz8s+hA="
        },
        "isstream": {
            "version": "0.1.2",
            "resolved": "https://registry.npmjs.org/isstream/-/isstream-0.1.2.tgz",
            "integrity": "sha1-R+Y/evVa+m+S4VAOaQ64uFKcCZo="
        },
        "lazystream": {
            "version": "1.0.0",
            "resolved": "https://registry.npmjs.org/lazystream/-/lazystream-1.0.0.tgz",
            "integrity": "sha1-9plf4PggOS9hOWvolGJAe7dxaOQ="
        },
        "lodash": {
            "version": "4.17.4",
            "resolved": "https://registry.npmjs.org/lodash/-/lodash-4.17.4.tgz",
            "integrity": "sha1-eCA6TRwyiuHYbcpkYONptX9AVa4="
        },
        "minimatch": {
            "version": "3.0.4",
            "resolved": "https://registry.npmjs.org/minimatch/-/minimatch-3.0.4.tgz",
            "integrity": "sha512-yJHVQEhyqPLUTgt9B83PXu6W3rx4MvvHvSUvToogpwoGDOUQ+yDrR0HRot+yOCdCO7u4hX3pWft6kWBBcqh0UA=="
        },
        "mkdirp": {
            "version": "0.5.1",
            "resolved": "https://registry.npmjs.org/mkdirp/-/mkdirp-0.5.1.tgz",
            "integrity": "sha1-MAV0OOrGz3+MR2fzhkjWaX11yQM=",
            "dependencies": {
                "minimist": {
                    "version": "0.0.8",
                    "resolved": "https://registry.npmjs.org/minimist/-/minimist-0.0.8.tgz",
                    "integrity": "sha1-hX/Kv8M5fSYluCKCYuhqp6ARsF0="
                }
            }
        },
        "nan": {
            "version": "2.7.0",
            "resolved": "https://registry.npmjs.org/nan/-/nan-2.7.0.tgz",
            "integrity": "sha1-2Vv3IeyHfgjbJ27T/G63j5CDrUY="
        },
        "node-uuid": {
            "version": "1.4.8",
            "resolved": "https://registry.npmjs.org/node-uuid/-/node-uuid-1.4.8.tgz",
            "integrity": "sha1-sEDrCSOWivq/jTL7HxfxFn/auQc="
        },
        "normalize-path": {
            "version": "2.1.1",
            "resolved": "https://registry.npmjs.org/normalize-path/-/normalize-path-2.1.1.tgz",
            "integrity": "sha1-GrKLVW4Zg2Oowab35vogE3/mrtk="
        },
        "once": {
            "version": "1.4.0",
            "resolved": "https://registry.npmjs.org/once/-/once-1.4.0.tgz",
            "integrity": "sha1-WDsap3WWHUsROsF9nFC6753Xa9E="
        },
        "path-is-absolute": {
            "version": "1.0.1",
            "resolved": "https://registry.npmjs.org/path-is-absolute/-/path-is-absolute-1.0.1.tgz",
            "integrity": "sha1-F0uSaHNVNP+8es5r9TpanhtcX18="
        },
        "process-nextick-args": {
            "version": "1.0.7",
            "resolved": "https://registry.npmjs.org/process-nextick-args/-/process-nextick-args-1.0.7.tgz",
            "integrity": "sha1-FQ4gt1ZZCtP5EJPyWk8q2L/zC6M="
        },
        "readable-stream": {
            "version": "2.3.3",
            "resolved": "https://registry.npmjs.org/readable-stream/-/readable-stream-2.3.3.tgz",
            "integrity": "sha512-m+qzzcn7KUxEmd1gMbchF+Y2eIUbieUaxkWtptyHywrX0rE8QEYqPC07Vuy4Wm32/xE16NcdBctb8S0Xe/5IeQ==",
            "dependencies": {
                "isarray": {
                    "version": "1.0.0",
                    "resolved": "https://registry.npmjs.org/isarray/-/isarray-1.0.0.tgz",
                    "integrity": "sha1-u5NdSFgsuhaMBoNJV6VKPgcSTxE="
                }
            }
        },
        "remove-trailing-separator": {
            "version": "1.1.0",
            "resolved": "https://registry.npmjs.org/remove-trailing-separator/-/remove-trailing-separator-1.1.0.tgz",
            "integrity": "sha1-wkvOKig62tW8P1jg1IJJuSN52O8="
        },
        "safe-buffer": {
            "version": "5.1.1",
            "resolved": "https://registry.npmjs.org/safe-buffer/-/safe-buffer-5.1.1.tgz",
            "integrity": "sha512-kKvNJn6Mm93gAczWVJg7wH+wGYWNrDHdWvpUmHyEsgCtIwwo3bqPtV4tR5tuPaUhTOo/kvhVwd8XwwOllGYkbg=="
        },
        "stack-trace": {
            "version": "0.0.10",
            "resolved": "https://registry.npmjs.org/stack-trace/-/stack-trace-0.0.10.tgz",
            "integrity": "sha1-VHxws0fo0ytOEI6hoqFZ5f3eGcA="
        },
        "string_decoder": {
            "version": "1.0.3",
            "resolved": "https://registry.npmjs.org/string_decoder/-/string_decoder-1.0.3.tgz",
            "integrity": "sha512-4AH6Z5fzNNBcH+6XDMfA/BTt87skxqJlO0lAh3Dker5zThcAxG6mKz+iGu308UKoPPQ8Dcqx/4JhujzltRa+hQ=="
        },
        "tar-stream": {
            "version": "1.5.4",
            "resolved": "https://registry.npmjs.org/tar-stream/-/tar-stream-1.5.4.tgz",
            "integrity": "sha1-NlSc8E7RrumyowwBQyUiONr5QBY="
        },
        "underscore": {
            "version": "1.8.3",
            "resolved": "https://registry.npmjs.org/underscore/-/underscore-1.8.3.tgz",
            "integrity": "sha1-Tz+1OxBuYJf8+ctBCfKl6b36UCI="
        },
        "util-deprecate": {
            "version": "1.0.2",
            "resolved": "https://registry.npmjs.org/util-deprecate/-/util-deprecate-1.0.2.tgz",
            "integrity": "sha1-RQ1Nyfpw3nMnYvvS1KKJgUGaDM8="
        },
        "which": {
            "version": "1.3.0",
            "resolved": "https://registry.npmjs.org/which/-/which-1.3.0.tgz",
            "integrity": "sha512-xcJpopdamTuY5duC/KnTTNBraPK54YwpenP4lzxU8H91GudWpFv38u0CKjclE1Wi2EH2EDz5LRcHcKbCIzqGyg=="
        },
        "winston": {
            "version": "2.4.0",
            "resolved": "https://registry.npmjs.org/winston/-/winston-2.4.0.tgz",
            "integrity": "sha1-gIBQuT1SZh7Z+2wms/DIJnCLCu4=",
            "dependencies": {
                "colors": {
                    "version": "1.0.3",
                    "resolved": "https://registry.npmjs.org/colors/-/colors-1.0.3.tgz",
                    "integrity": "sha1-BDP0TYCWgP3rYO0mDxsMJi6CpAs="
                }
            }
        },
        "wrappy": {
            "version": "1.0.2",
            "resolved": "https://registry.npmjs.org/wrappy/-/wrappy-1.0.2.tgz",
            "integrity": "sha1-tSQ9jz7BqjXxNkYFvA0QNuMKtp8="
        },
        "xtend": {
            "version": "4.0.1",
            "resolved": "https://registry.npmjs.org/xtend/-/xtend-4.0.1.tgz",
            "integrity": "sha1-pcbVMr5lbiPbgg77lDofBJmNY68="
        },
        "zip-stream": {
            "version": "1.2.0",
            "resolved": "https://registry.npmjs.org/zip-stream/-/zip-stream-1.2.0.tgz",
            "integrity": "sha1-qLxF9MG0lpnGuQGYuqyqzbzUugQ="
        }
    }
}
